
Microsoft Visual Studio Solution File, Format Version 12.00
# Visual Studio Version 16
VisualStudioVersion = 16.0.30717.126
MinimumVisualStudioVersion = 10.0.40219.1
Project("{9A19103F-16F7-4668-BE54-9A1E7A4F7556}") = "WEB_953501_MALETS", "WEB_953501_MALETS\WEB_953501_MALETS.csproj", "{55040CEF-8AFC-4E4C-8042-73B70D9CFB92}"
EndProject
Project("{FAE04EC0-301F-11D3-BF4B-00C04F79EFBC}") = "WEB_953501_MALETS.Blazor.Server", "WEB_953501_MALETS.Blazor\Server\WEB_953501_MALETS.Blazor.Server.csproj", "{1784C5B6-79D0-4F5D-B57A-6812AB1EC03E}"
EndProject
Project("{FAE04EC0-301F-11D3-BF4B-00C04F79EFBC}") = "WEB_953501_MALETS.Blazor.Client", "WEB_953501_MALETS.Blazor\Client\WEB_953501_MALETS.Blazor.Client.csproj", "{A5AFACCB-F391-495E-8B95-C114F263F8D2}"
EndProject
Project("{FAE04EC0-301F-11D3-BF4B-00C04F79EFBC}") = "WEB_953501_MALETS.Blazor.Shared", "WEB_953501_MALETS.Blazor\Shared\WEB_953501_MALETS.Blazor.Shared.csproj", "{8895E951-B5CE-4285-90A7-C5E7C2A15FE2}"
EndProject
Global
	GlobalSection(SolutionConfigurationPlatforms) = preSolution
		Debug|Any CPU = Debug|Any CPU
		Release|Any CPU = Release|Any CPU
	EndGlobalSection
	GlobalSection(ProjectConfigurationPlatforms) = postSolution
		{55040CEF-8AFC-4E4C-8042-73B70D9CFB92}.Debug|Any CPU.ActiveCfg = Debug|Any CPU
		{55040CEF-8AFC-4E4C-8042-73B70D9CFB92}.Debug|Any CPU.Build.0 = Debug|Any CPU
		{55040CEF-8AFC-4E4C-8042-73B70D9CFB92}.Release|Any CPU.ActiveCfg = Release|Any CPU
		{55040CEF-8AFC-4E4C-8042-73B70D9CFB92}.Release|Any CPU.Build.0 = Release|Any CPU
		{1784C5B6-79D0-4F5D-B57A-6812AB1EC03E}.Debug|Any CPU.ActiveCfg = Debug|Any CPU
		{1784C5B6-79D0-4F5D-B57A-6812AB1EC03E}.Debug|Any CPU.Build.0 = Debug|Any CPU
		{1784C5B6-79D0-4F5D-B57A-6812AB1EC03E}.Release|Any CPU.ActiveCfg = Release|Any CPU
		{1784C5B6-79D0-4F5D-B57A-6812AB1EC03E}.Release|Any CPU.Build.0 = Release|Any CPU
		{A5AFACCB-F391-495E-8B95-C114F263F8D2}.Debug|Any CPU.ActiveCfg = Debug|Any CPU
		{A5AFACCB-F391-495E-8B95-C114F263F8D2}.Debug|Any CPU.Build.0 = Debug|Any CPU
		{A5AFACCB-F391-495E-8B95-C114F263F8D2}.Release|Any CPU.ActiveCfg = Release|Any CPU
		{A5AFACCB-F391-495E-8B95-C114F263F8D2}.Release|Any CPU.Build.0 = Release|Any CPU
		{8895E951-B5CE-4285-90A7-C5E7C2A15FE2}.Debug|Any CPU.ActiveCfg = Debug|Any CPU
		{8895E951-B5CE-4285-90A7-C5E7C2A15FE2}.Debug|Any CPU.Build.0 = Debug|Any CPU
		{8895E951-B5CE-4285-90A7-C5E7C2A15FE2}.Release|Any CPU.ActiveCfg = Release|Any CPU
		{8895E951-B5CE-4285-90A7-C5E7C2A15FE2}.Release|Any CPU.Build.0 = Release|Any CPU
	EndGlobalSection
	GlobalSection(SolutionProperties) = preSolution
		HideSolutionNode = FALSE
	EndGlobalSection
	GlobalSection(ExtensibilityGlobals) = postSolution
		SolutionGuid = {AB4EB823-BB82-45DD-B502-BC04DAC36664}
	EndGlobalSection
EndGlobal
